{
  "object": {
    "pins": [
      {
        "package": "SwiftBicycle",
        "repositoryURL": "https://github.com/spheresoftinc/SwiftBicycle",
        "state": {
          "branch": "master",
          "revision": "1ea0fb0599e7505dc91ba6c5a4cee3cee7a181ab",
          "version": null
        }
      }
    ]
  },
  "version": 1
}
