{
  "object": {
    "pins": [
      {
        "package": "SwiftBicycle",
        "repositoryURL": "https://github.com/spheresoftinc/SwiftBicycle",
        "state": {
          "branch": "master",
          "revision": "2e868eff15b2385a8adfc0b1855384c46ad51e7b",
          "version": null
        }
      }
    ]
  },
  "version": 1
}
